
Microsoft Visual Studio Solution File, Format Version 12.00
# Visual Studio Version 16
VisualStudioVersion = 16.0.31205.134
MinimumVisualStudioVersion = 10.0.40219.1
Project("{9A19103F-16F7-4668-BE54-9A1E7A4F7556}") = "NdiPlayer", "NdiPlayer.csproj", "{1BCF1260-7984-4266-98B8-57117134DD4F}"
EndProject
Project("{C7167F0D-BC9F-4E6E-AFE1-012C56B48DB5}") = "Installer", "Installer\Installer.wapproj", "{2517D554-4372-4547-B3E8-AD784908F4EE}"
EndProject
Global
	GlobalSection(SolutionConfigurationPlatforms) = preSolution
		Debug|Any CPU = Debug|Any CPU
		Debug|ARM = Debug|ARM
		Debug|ARM64 = Debug|ARM64
		Debug|x64 = Debug|x64
		Debug|x86 = Debug|x86
		Release|Any CPU = Release|Any CPU
		Release|ARM = Release|ARM
		Release|ARM64 = Release|ARM64
		Release|x64 = Release|x64
		Release|x86 = Release|x86
	EndGlobalSection
	GlobalSection(ProjectConfigurationPlatforms) = postSolution
		{1BCF1260-7984-4266-98B8-57117134DD4F}.Debug|Any CPU.ActiveCfg = Debug|Any CPU
		{1BCF1260-7984-4266-98B8-57117134DD4F}.Debug|Any CPU.Build.0 = Debug|Any CPU
		{1BCF1260-7984-4266-98B8-57117134DD4F}.Debug|ARM.ActiveCfg = Debug|Any CPU
		{1BCF1260-7984-4266-98B8-57117134DD4F}.Debug|ARM.Build.0 = Debug|Any CPU
		{1BCF1260-7984-4266-98B8-57117134DD4F}.Debug|ARM64.ActiveCfg = Debug|Any CPU
		{1BCF1260-7984-4266-98B8-57117134DD4F}.Debug|ARM64.Build.0 = Debug|Any CPU
		{1BCF1260-7984-4266-98B8-57117134DD4F}.Debug|x64.ActiveCfg = Debug|Any CPU
		{1BCF1260-7984-4266-98B8-57117134DD4F}.Debug|x64.Build.0 = Debug|Any CPU
		{1BCF1260-7984-4266-98B8-57117134DD4F}.Debug|x86.ActiveCfg = Debug|Any CPU
		{1BCF1260-7984-4266-98B8-57117134DD4F}.Debug|x86.Build.0 = Debug|Any CPU
		{1BCF1260-7984-4266-98B8-57117134DD4F}.Release|Any CPU.ActiveCfg = Release|Any CPU
		{1BCF1260-7984-4266-98B8-57117134DD4F}.Release|Any CPU.Build.0 = Release|Any CPU
		{1BCF1260-7984-4266-98B8-57117134DD4F}.Release|ARM.ActiveCfg = Release|Any CPU
		{1BCF1260-7984-4266-98B8-57117134DD4F}.Release|ARM.Build.0 = Release|Any CPU
		{1BCF1260-7984-4266-98B8-57117134DD4F}.Release|ARM64.ActiveCfg = Release|Any CPU
		{1BCF1260-7984-4266-98B8-57117134DD4F}.Release|ARM64.Build.0 = Release|Any CPU
		{1BCF1260-7984-4266-98B8-57117134DD4F}.Release|x64.ActiveCfg = Release|Any CPU
		{1BCF1260-7984-4266-98B8-57117134DD4F}.Release|x64.Build.0 = Release|Any CPU
		{1BCF1260-7984-4266-98B8-57117134DD4F}.Release|x86.ActiveCfg = Release|Any CPU
		{1BCF1260-7984-4266-98B8-57117134DD4F}.Release|x86.Build.0 = Release|Any CPU
		{2517D554-4372-4547-B3E8-AD784908F4EE}.Debug|Any CPU.ActiveCfg = Debug|Any CPU
		{2517D554-4372-4547-B3E8-AD784908F4EE}.Debug|Any CPU.Build.0 = Debug|Any CPU
		{2517D554-4372-4547-B3E8-AD784908F4EE}.Debug|Any CPU.Deploy.0 = Debug|Any CPU
		{2517D554-4372-4547-B3E8-AD784908F4EE}.Debug|ARM.ActiveCfg = Debug|ARM
		{2517D554-4372-4547-B3E8-AD784908F4EE}.Debug|ARM.Build.0 = Debug|ARM
		{2517D554-4372-4547-B3E8-AD784908F4EE}.Debug|ARM.Deploy.0 = Debug|ARM
		{2517D554-4372-4547-B3E8-AD784908F4EE}.Debug|ARM64.ActiveCfg = Debug|ARM64
		{2517D554-4372-4547-B3E8-AD784908F4EE}.Debug|ARM64.Build.0 = Debug|ARM64
		{2517D554-4372-4547-B3E8-AD784908F4EE}.Debug|ARM64.Deploy.0 = Debug|ARM64
		{2517D554-4372-4547-B3E8-AD784908F4EE}.Debug|x64.ActiveCfg = Debug|x64
		{2517D554-4372-4547-B3E8-AD784908F4EE}.Debug|x64.Build.0 = Debug|x64
		{2517D554-4372-4547-B3E8-AD784908F4EE}.Debug|x64.Deploy.0 = Debug|x64
		{2517D554-4372-4547-B3E8-AD784908F4EE}.Debug|x86.ActiveCfg = Debug|x86
		{2517D554-4372-4547-B3E8-AD784908F4EE}.Debug|x86.Build.0 = Debug|x86
		{2517D554-4372-4547-B3E8-AD784908F4EE}.Debug|x86.Deploy.0 = Debug|x86
		{2517D554-4372-4547-B3E8-AD784908F4EE}.Release|Any CPU.ActiveCfg = Release|Any CPU
		{2517D554-4372-4547-B3E8-AD784908F4EE}.Release|Any CPU.Build.0 = Release|Any CPU
		{2517D554-4372-4547-B3E8-AD784908F4EE}.Release|Any CPU.Deploy.0 = Release|Any CPU
		{2517D554-4372-4547-B3E8-AD784908F4EE}.Release|ARM.ActiveCfg = Release|ARM
		{2517D554-4372-4547-B3E8-AD784908F4EE}.Release|ARM.Build.0 = Release|ARM
		{2517D554-4372-4547-B3E8-AD784908F4EE}.Release|ARM.Deploy.0 = Release|ARM
		{2517D554-4372-4547-B3E8-AD784908F4EE}.Release|ARM64.ActiveCfg = Release|ARM64
		{2517D554-4372-4547-B3E8-AD784908F4EE}.Release|ARM64.Build.0 = Release|ARM64
		{2517D554-4372-4547-B3E8-AD784908F4EE}.Release|ARM64.Deploy.0 = Release|ARM64
		{2517D554-4372-4547-B3E8-AD784908F4EE}.Release|x64.ActiveCfg = Release|x64
		{2517D554-4372-4547-B3E8-AD784908F4EE}.Release|x64.Build.0 = Release|x64
		{2517D554-4372-4547-B3E8-AD784908F4EE}.Release|x64.Deploy.0 = Release|x64
		{2517D554-4372-4547-B3E8-AD784908F4EE}.Release|x86.ActiveCfg = Release|x86
		{2517D554-4372-4547-B3E8-AD784908F4EE}.Release|x86.Build.0 = Release|x86
		{2517D554-4372-4547-B3E8-AD784908F4EE}.Release|x86.Deploy.0 = Release|x86
	EndGlobalSection
	GlobalSection(SolutionProperties) = preSolution
		HideSolutionNode = FALSE
	EndGlobalSection
	GlobalSection(ExtensibilityGlobals) = postSolution
		SolutionGuid = {40177BE1-EA26-4E94-B0E4-8495F8298CA8}
	EndGlobalSection
EndGlobal
